
Microsoft Visual Studio Solution File, Format Version 12.00
# Visual Studio Version 16
VisualStudioVersion = 16.0.30309.148
MinimumVisualStudioVersion = 10.0.40219.1
Project("{FAE04EC0-301F-11D3-BF4B-00C04F79EFBC}") = "BusinessManagement", "BusinessManagement\BusinessManagement.csproj", "{3939FE63-1972-45C1-8FFC-779D98107ADE}"
EndProject
Project("{FAE04EC0-301F-11D3-BF4B-00C04F79EFBC}") = "DAL", "DAL\DAL.csproj", "{8EC82014-42D7-431F-8BA5-557FB232FDDC}"
EndProject
Project("{FAE04EC0-301F-11D3-BF4B-00C04F79EFBC}") = "BUS", "BUS\BUS.csproj", "{2F7EFFAF-4368-411B-9ADB-C493B47C06E3}"
EndProject
Project("{FAE04EC0-301F-11D3-BF4B-00C04F79EFBC}") = "DTO", "DTO\DTO.csproj", "{76CA8413-3225-40F2-A7B7-CE8830984CC9}"
EndProject
Global
	GlobalSection(SolutionConfigurationPlatforms) = preSolution
		Debug|Any CPU = Debug|Any CPU
		Release|Any CPU = Release|Any CPU
	EndGlobalSection
	GlobalSection(ProjectConfigurationPlatforms) = postSolution
		{3939FE63-1972-45C1-8FFC-779D98107ADE}.Debug|Any CPU.ActiveCfg = Debug|Any CPU
		{3939FE63-1972-45C1-8FFC-779D98107ADE}.Debug|Any CPU.Build.0 = Debug|Any CPU
		{3939FE63-1972-45C1-8FFC-779D98107ADE}.Release|Any CPU.ActiveCfg = Release|Any CPU
		{3939FE63-1972-45C1-8FFC-779D98107ADE}.Release|Any CPU.Build.0 = Release|Any CPU
		{8EC82014-42D7-431F-8BA5-557FB232FDDC}.Debug|Any CPU.ActiveCfg = Debug|Any CPU
		{8EC82014-42D7-431F-8BA5-557FB232FDDC}.Debug|Any CPU.Build.0 = Debug|Any CPU
		{8EC82014-42D7-431F-8BA5-557FB232FDDC}.Release|Any CPU.ActiveCfg = Release|Any CPU
		{8EC82014-42D7-431F-8BA5-557FB232FDDC}.Release|Any CPU.Build.0 = Release|Any CPU
		{2F7EFFAF-4368-411B-9ADB-C493B47C06E3}.Debug|Any CPU.ActiveCfg = Debug|Any CPU
		{2F7EFFAF-4368-411B-9ADB-C493B47C06E3}.Debug|Any CPU.Build.0 = Debug|Any CPU
		{2F7EFFAF-4368-411B-9ADB-C493B47C06E3}.Release|Any CPU.ActiveCfg = Release|Any CPU
		{2F7EFFAF-4368-411B-9ADB-C493B47C06E3}.Release|Any CPU.Build.0 = Release|Any CPU
		{76CA8413-3225-40F2-A7B7-CE8830984CC9}.Debug|Any CPU.ActiveCfg = Debug|Any CPU
		{76CA8413-3225-40F2-A7B7-CE8830984CC9}.Debug|Any CPU.Build.0 = Debug|Any CPU
		{76CA8413-3225-40F2-A7B7-CE8830984CC9}.Release|Any CPU.ActiveCfg = Release|Any CPU
		{76CA8413-3225-40F2-A7B7-CE8830984CC9}.Release|Any CPU.Build.0 = Release|Any CPU
	EndGlobalSection
	GlobalSection(SolutionProperties) = preSolution
		HideSolutionNode = FALSE
	EndGlobalSection
	GlobalSection(ExtensibilityGlobals) = postSolution
		SolutionGuid = {B2DD82F4-AB73-40A9-9A4E-9F73AD9D5E58}
	EndGlobalSection
EndGlobal
